
Microsoft Visual Studio Solution File, Format Version 12.00
# Visual Studio Version 16
VisualStudioVersion = 16.0.30804.86
MinimumVisualStudioVersion = 10.0.40219.1
Project("{FAE04EC0-301F-11D3-BF4B-00C04F79EFBC}") = "MegaMenu", "MegaMenu.csproj", "{5ED31046-032E-4069-831A-5DF596638DB0}"
EndProject
Global
	GlobalSection(SolutionConfigurationPlatforms) = preSolution
		Debug|Any CPU = Debug|Any CPU
		Release|Any CPU = Release|Any CPU
	EndGlobalSection
	GlobalSection(ProjectConfigurationPlatforms) = postSolution
		{5ED31046-032E-4069-831A-5DF596638DB0}.Debug|Any CPU.ActiveCfg = Debug|Any CPU
		{5ED31046-032E-4069-831A-5DF596638DB0}.Debug|Any CPU.Build.0 = Debug|Any CPU
		{5ED31046-032E-4069-831A-5DF596638DB0}.Release|Any CPU.ActiveCfg = Release|Any CPU
		{5ED31046-032E-4069-831A-5DF596638DB0}.Release|Any CPU.Build.0 = Release|Any CPU
	EndGlobalSection
	GlobalSection(SolutionProperties) = preSolution
		HideSolutionNode = FALSE
	EndGlobalSection
	GlobalSection(ExtensibilityGlobals) = postSolution
		SolutionGuid = {7F3F0CB1-5D91-4F71-B68D-4FEA93D90BB6}
	EndGlobalSection
EndGlobal
